// !$*UTF8*$!
{
	archiveVersion = 1;
	classes = {
	};
	objectVersion = 55;
	objects = {

/* Begin PBXBuildFile section */
		5F062D6628CB47B3000D4BAA /* UserHistory.swift in Sources */ = {isa = PBXBuildFile; fileRef = 5F062D6528CB47B3000D4BAA /* UserHistory.swift */; };
		5F062D6928CC8C4D000D4BAA /* HistoryCell.swift in Sources */ = {isa = PBXBuildFile; fileRef = 5F062D6728CC8C4D000D4BAA /* HistoryCell.swift */; };
		5F062D6A28CC8C4D000D4BAA /* HistoryCell.xib in Resources */ = {isa = PBXBuildFile; fileRef = 5F062D6828CC8C4D000D4BAA /* HistoryCell.xib */; };
		5F1059F82B91C50800FBFD02 /* UserHistoryViewModel.swift in Sources */ = {isa = PBXBuildFile; fileRef = 5F1059F72B91C50800FBFD02 /* UserHistoryViewModel.swift */; };
		5F1059FA2B91E5CF00FBFD02 /* ChallengeViewModel.swift in Sources */ = {isa = PBXBuildFile; fileRef = 5F1059F92B91E5CF00FBFD02 /* ChallengeViewModel.swift */; };
		5F1059FC2B9206ED00FBFD02 /* ChallengeFullInfoViewModel.swift in Sources */ = {isa = PBXBuildFile; fileRef = 5F1059FB2B9206ED00FBFD02 /* ChallengeFullInfoViewModel.swift */; };
		5F88820B28AB5BAC006D5967 /* AppDelegate.swift in Sources */ = {isa = PBXBuildFile; fileRef = 5F88820A28AB5BAC006D5967 /* AppDelegate.swift */; };
		5F88820D28AB5BAC006D5967 /* SceneDelegate.swift in Sources */ = {isa = PBXBuildFile; fileRef = 5F88820C28AB5BAC006D5967 /* SceneDelegate.swift */; };
		5F88820F28AB5BAC006D5967 /* ChallengeListViewController.swift in Sources */ = {isa = PBXBuildFile; fileRef = 5F88820E28AB5BAC006D5967 /* ChallengeListViewController.swift */; };
		5F88821228AB5BAC006D5967 /* Main.storyboard in Resources */ = {isa = PBXBuildFile; fileRef = 5F88821028AB5BAC006D5967 /* Main.storyboard */; };
		5F88821428AB5BB1006D5967 /* Assets.xcassets in Resources */ = {isa = PBXBuildFile; fileRef = 5F88821328AB5BB1006D5967 /* Assets.xcassets */; };
		5F88821728AB5BB1006D5967 /* LaunchScreen.storyboard in Resources */ = {isa = PBXBuildFile; fileRef = 5F88821528AB5BB1006D5967 /* LaunchScreen.storyboard */; };
		5F88821F28AB5E34006D5967 /* DemoDatabase.swift in Sources */ = {isa = PBXBuildFile; fileRef = 5F88821E28AB5E34006D5967 /* DemoDatabase.swift */; };
		5F88822828AB633C006D5967 /* ChallengeCell.swift in Sources */ = {isa = PBXBuildFile; fileRef = 5F88822628AB633C006D5967 /* ChallengeCell.swift */; };
		5F88822928AB633C006D5967 /* ChallengeCell.xib in Resources */ = {isa = PBXBuildFile; fileRef = 5F88822728AB633C006D5967 /* ChallengeCell.xib */; };
		5F88822B28AB65FD006D5967 /* ChallengesDataSource.swift in Sources */ = {isa = PBXBuildFile; fileRef = 5F88822A28AB65FD006D5967 /* ChallengesDataSource.swift */; };
		5F88822D28AB6803006D5967 /* Challenge.swift in Sources */ = {isa = PBXBuildFile; fileRef = 5F88822C28AB6803006D5967 /* Challenge.swift */; };
		5F88823128AB8FE9006D5967 /* ChallengeFullInfoViewController.swift in Sources */ = {isa = PBXBuildFile; fileRef = 5F88822F28AB8FE9006D5967 /* ChallengeFullInfoViewController.swift */; };
		5F88823228AB8FE9006D5967 /* ChallengeFullInfoViewController.xib in Resources */ = {isa = PBXBuildFile; fileRef = 5F88823028AB8FE9006D5967 /* ChallengeFullInfoViewController.xib */; };
		5F88823428ABCA28006D5967 /* GoogleService-Info.plist in Resources */ = {isa = PBXBuildFile; fileRef = 5F88823328ABCA28006D5967 /* GoogleService-Info.plist */; };
		5F88825028ABDBAE006D5967 /* ToDoCell.swift in Sources */ = {isa = PBXBuildFile; fileRef = 5F88824E28ABDBAE006D5967 /* ToDoCell.swift */; };
		5F88825128ABDBAE006D5967 /* ToDoCell.xib in Resources */ = {isa = PBXBuildFile; fileRef = 5F88824F28ABDBAE006D5967 /* ToDoCell.xib */; };
		5F88825528ACC9B5006D5967 /* ChallengeCreationViewController.swift in Sources */ = {isa = PBXBuildFile; fileRef = 5F88825428ACC9B5006D5967 /* ChallengeCreationViewController.swift */; };
		5F88825728AE3DA8006D5967 /* UserStatsViewController.swift in Sources */ = {isa = PBXBuildFile; fileRef = 5F88825628AE3DA8006D5967 /* UserStatsViewController.swift */; };
		5F98CD6428BF5C4400C8AFA2 /* ApiClient.swift in Sources */ = {isa = PBXBuildFile; fileRef = 5F98CD6328BF5C4400C8AFA2 /* ApiClient.swift */; };
		5FBC253B293F922400C7A7A6 /* CreateToDoCell.swift in Sources */ = {isa = PBXBuildFile; fileRef = 5FBC2539293F922400C7A7A6 /* CreateToDoCell.swift */; };
		5FBC253C293F922400C7A7A6 /* CreateToDoCell.xib in Resources */ = {isa = PBXBuildFile; fileRef = 5FBC253A293F922400C7A7A6 /* CreateToDoCell.xib */; };
		5FBC253E2940B71C00C7A7A6 /* NotificationHelper.swift in Sources */ = {isa = PBXBuildFile; fileRef = 5FBC253D2940B71C00C7A7A6 /* NotificationHelper.swift */; };
		5FFEACE028BF8556002C9F89 /* DateExtension.swift in Sources */ = {isa = PBXBuildFile; fileRef = 5FFEACDF28BF8556002C9F89 /* DateExtension.swift */; };
		F6CAA3F024CB75D25F57BB25 /* Pods_LifeHUD.framework in Frameworks */ = {isa = PBXBuildFile; fileRef = 0E42EBA4390429EC955D3FDE /* Pods_LifeHUD.framework */; };
/* End PBXBuildFile section */

/* Begin PBXFileReference section */
		0E42EBA4390429EC955D3FDE /* Pods_LifeHUD.framework */ = {isa = PBXFileReference; explicitFileType = wrapper.framework; includeInIndex = 0; path = Pods_LifeHUD.framework; sourceTree = BUILT_PRODUCTS_DIR; };
		5EF8BB66A2CD42BCFA84B89B /* Pods-LifeHUD.release.xcconfig */ = {isa = PBXFileReference; includeInIndex = 1; lastKnownFileType = text.xcconfig; name = "Pods-LifeHUD.release.xcconfig"; path = "Target Support Files/Pods-LifeHUD/Pods-LifeHUD.release.xcconfig"; sourceTree = "<group>"; };
		5F062D6528CB47B3000D4BAA /* UserHistory.swift */ = {isa = PBXFileReference; lastKnownFileType = sourcecode.swift; path = UserHistory.swift; sourceTree = "<group>"; };
		5F062D6728CC8C4D000D4BAA /* HistoryCell.swift */ = {isa = PBXFileReference; lastKnownFileType = sourcecode.swift; path = HistoryCell.swift; sourceTree = "<group>"; };
		5F062D6828CC8C4D000D4BAA /* HistoryCell.xib */ = {isa = PBXFileReference; lastKnownFileType = file.xib; path = HistoryCell.xib; sourceTree = "<group>"; };
		5F1059F72B91C50800FBFD02 /* UserHistoryViewModel.swift */ = {isa = PBXFileReference; lastKnownFileType = sourcecode.swift; path = UserHistoryViewModel.swift; sourceTree = "<group>"; };
		5F1059F92B91E5CF00FBFD02 /* ChallengeViewModel.swift */ = {isa = PBXFileReference; lastKnownFileType = sourcecode.swift; path = ChallengeViewModel.swift; sourceTree = "<group>"; };
		5F1059FB2B9206ED00FBFD02 /* ChallengeFullInfoViewModel.swift */ = {isa = PBXFileReference; lastKnownFileType = sourcecode.swift; path = ChallengeFullInfoViewModel.swift; sourceTree = "<group>"; };
		5F88820728AB5BAC006D5967 /* LifeHUD.app */ = {isa = PBXFileReference; explicitFileType = wrapper.application; includeInIndex = 0; path = LifeHUD.app; sourceTree = BUILT_PRODUCTS_DIR; };
		5F88820A28AB5BAC006D5967 /* AppDelegate.swift */ = {isa = PBXFileReference; lastKnownFileType = sourcecode.swift; path = AppDelegate.swift; sourceTree = "<group>"; };
		5F88820C28AB5BAC006D5967 /* SceneDelegate.swift */ = {isa = PBXFileReference; lastKnownFileType = sourcecode.swift; path = SceneDelegate.swift; sourceTree = "<group>"; };
		5F88820E28AB5BAC006D5967 /* ChallengeListViewController.swift */ = {isa = PBXFileReference; lastKnownFileType = sourcecode.swift; path = ChallengeListViewController.swift; sourceTree = "<group>"; };
		5F88821128AB5BAC006D5967 /* Base */ = {isa = PBXFileReference; lastKnownFileType = file.storyboard; name = Base; path = Base.lproj/Main.storyboard; sourceTree = "<group>"; };
		5F88821328AB5BB1006D5967 /* Assets.xcassets */ = {isa = PBXFileReference; lastKnownFileType = folder.assetcatalog; path = Assets.xcassets; sourceTree = "<group>"; };
		5F88821628AB5BB1006D5967 /* Base */ = {isa = PBXFileReference; lastKnownFileType = file.storyboard; name = Base; path = Base.lproj/LaunchScreen.storyboard; sourceTree = "<group>"; };
		5F88821828AB5BB1006D5967 /* Info.plist */ = {isa = PBXFileReference; lastKnownFileType = text.plist.xml; path = Info.plist; sourceTree = "<group>"; };
		5F88821E28AB5E34006D5967 /* DemoDatabase.swift */ = {isa = PBXFileReference; lastKnownFileType = sourcecode.swift; path = DemoDatabase.swift; sourceTree = "<group>"; };
		5F88822628AB633C006D5967 /* ChallengeCell.swift */ = {isa = PBXFileReference; lastKnownFileType = sourcecode.swift; path = ChallengeCell.swift; sourceTree = "<group>"; };
		5F88822728AB633C006D5967 /* ChallengeCell.xib */ = {isa = PBXFileReference; lastKnownFileType = file.xib; path = ChallengeCell.xib; sourceTree = "<group>"; };
		5F88822A28AB65FD006D5967 /* ChallengesDataSource.swift */ = {isa = PBXFileReference; lastKnownFileType = sourcecode.swift; path = ChallengesDataSource.swift; sourceTree = "<group>"; };
		5F88822C28AB6803006D5967 /* Challenge.swift */ = {isa = PBXFileReference; lastKnownFileType = sourcecode.swift; path = Challenge.swift; sourceTree = "<group>"; };
		5F88822F28AB8FE9006D5967 /* ChallengeFullInfoViewController.swift */ = {isa = PBXFileReference; lastKnownFileType = sourcecode.swift; path = ChallengeFullInfoViewController.swift; sourceTree = "<group>"; };
		5F88823028AB8FE9006D5967 /* ChallengeFullInfoViewController.xib */ = {isa = PBXFileReference; lastKnownFileType = file.xib; path = ChallengeFullInfoViewController.xib; sourceTree = "<group>"; };
		5F88823328ABCA28006D5967 /* GoogleService-Info.plist */ = {isa = PBXFileReference; fileEncoding = 4; lastKnownFileType = text.plist.xml; path = "GoogleService-Info.plist"; sourceTree = "<group>"; };
		5F88824E28ABDBAE006D5967 /* ToDoCell.swift */ = {isa = PBXFileReference; lastKnownFileType = sourcecode.swift; path = ToDoCell.swift; sourceTree = "<group>"; };
		5F88824F28ABDBAE006D5967 /* ToDoCell.xib */ = {isa = PBXFileReference; lastKnownFileType = file.xib; path = ToDoCell.xib; sourceTree = "<group>"; };
		5F88825428ACC9B5006D5967 /* ChallengeCreationViewController.swift */ = {isa = PBXFileReference; lastKnownFileType = sourcecode.swift; path = ChallengeCreationViewController.swift; sourceTree = "<group>"; };
		5F88825628AE3DA8006D5967 /* UserStatsViewController.swift */ = {isa = PBXFileReference; lastKnownFileType = sourcecode.swift; path = UserStatsViewController.swift; sourceTree = "<group>"; };
		5F98CD6328BF5C4400C8AFA2 /* ApiClient.swift */ = {isa = PBXFileReference; lastKnownFileType = sourcecode.swift; path = ApiClient.swift; sourceTree = "<group>"; };
		5FBC2539293F922400C7A7A6 /* CreateToDoCell.swift */ = {isa = PBXFileReference; lastKnownFileType = sourcecode.swift; path = CreateToDoCell.swift; sourceTree = "<group>"; };
		5FBC253A293F922400C7A7A6 /* CreateToDoCell.xib */ = {isa = PBXFileReference; lastKnownFileType = file.xib; path = CreateToDoCell.xib; sourceTree = "<group>"; };
		5FBC253D2940B71C00C7A7A6 /* NotificationHelper.swift */ = {isa = PBXFileReference; lastKnownFileType = sourcecode.swift; path = NotificationHelper.swift; sourceTree = "<group>"; };
		5FFEACDF28BF8556002C9F89 /* DateExtension.swift */ = {isa = PBXFileReference; lastKnownFileType = sourcecode.swift; path = DateExtension.swift; sourceTree = "<group>"; };
		B0249011BC31BF8749D2300D /* Pods-LifeHUD.debug.xcconfig */ = {isa = PBXFileReference; includeInIndex = 1; lastKnownFileType = text.xcconfig; name = "Pods-LifeHUD.debug.xcconfig"; path = "Target Support Files/Pods-LifeHUD/Pods-LifeHUD.debug.xcconfig"; sourceTree = "<group>"; };
/* End PBXFileReference section */

/* Begin PBXFrameworksBuildPhase section */
		5F88820428AB5BAC006D5967 /* Frameworks */ = {
			isa = PBXFrameworksBuildPhase;
			buildActionMask = 2147483647;
			files = (
				F6CAA3F024CB75D25F57BB25 /* Pods_LifeHUD.framework in Frameworks */,
			);
			runOnlyForDeploymentPostprocessing = 0;
		};
/* End PBXFrameworksBuildPhase section */

/* Begin PBXGroup section */
		311C4CAEE2351E3238033C81 /* Frameworks */ = {
			isa = PBXGroup;
			children = (
				0E42EBA4390429EC955D3FDE /* Pods_LifeHUD.framework */,
			);
			name = Frameworks;
			sourceTree = "<group>";
		};
		5F1059F32B91BA7900FBFD02 /* Network */ = {
			isa = PBXGroup;
			children = (
				5F98CD6328BF5C4400C8AFA2 /* ApiClient.swift */,
			);
			path = Network;
			sourceTree = "<group>";
		};
		5F1059F42B91BDB500FBFD02 /* Extenstions */ = {
			isa = PBXGroup;
			children = (
				5FFEACDF28BF8556002C9F89 /* DateExtension.swift */,
			);
			path = Extenstions;
			sourceTree = "<group>";
		};
		5F1059F52B91C12800FBFD02 /* View */ = {
			isa = PBXGroup;
			children = (
				5F88820E28AB5BAC006D5967 /* ChallengeListViewController.swift */,
				5F88822F28AB8FE9006D5967 /* ChallengeFullInfoViewController.swift */,
				5F88823028AB8FE9006D5967 /* ChallengeFullInfoViewController.xib */,
				5F88825428ACC9B5006D5967 /* ChallengeCreationViewController.swift */,
				5F88825628AE3DA8006D5967 /* UserStatsViewController.swift */,
				5F88822528AB62FC006D5967 /* Cells */,
			);
			path = View;
			sourceTree = "<group>";
		};
		5F8881FE28AB5BAC006D5967 = {
			isa = PBXGroup;
			children = (
				5F88820928AB5BAC006D5967 /* LifeHUD */,
				5F88820828AB5BAC006D5967 /* Products */,
				CE05909824C73309136DCB19 /* Pods */,
				311C4CAEE2351E3238033C81 /* Frameworks */,
			);
			sourceTree = "<group>";
		};
		5F88820828AB5BAC006D5967 /* Products */ = {
			isa = PBXGroup;
			children = (
				5F88820728AB5BAC006D5967 /* LifeHUD.app */,
			);
			name = Products;
			sourceTree = "<group>";
		};
		5F88820928AB5BAC006D5967 /* LifeHUD */ = {
			isa = PBXGroup;
			children = (
				5F88820A28AB5BAC006D5967 /* AppDelegate.swift */,
				5F88820C28AB5BAC006D5967 /* SceneDelegate.swift */,
				5F88822028AB5E45006D5967 /* Model */,
				5F1059F52B91C12800FBFD02 /* View */,
				5F88822E28AB8FBD006D5967 /* ViewModel */,
				5F1059F32B91BA7900FBFD02 /* Network */,
				5F8B61CF2B931B6C0002DDC4 /* Services */,
				5FFEACDE28BF853A002C9F89 /* Notifications */,
				5F1059F42B91BDB500FBFD02 /* Extenstions */,
				5F88821028AB5BAC006D5967 /* Main.storyboard */,
				5F88821328AB5BB1006D5967 /* Assets.xcassets */,
				5F88821528AB5BB1006D5967 /* LaunchScreen.storyboard */,
				5F88823328ABCA28006D5967 /* GoogleService-Info.plist */,
				5F88821828AB5BB1006D5967 /* Info.plist */,
			);
			path = LifeHUD;
			sourceTree = "<group>";
		};
		5F88822028AB5E45006D5967 /* Model */ = {
			isa = PBXGroup;
			children = (
				5F062D6528CB47B3000D4BAA /* UserHistory.swift */,
				5F88822C28AB6803006D5967 /* Challenge.swift */,
				5F88821E28AB5E34006D5967 /* DemoDatabase.swift */,
			);
			path = Model;
			sourceTree = "<group>";
		};
		5F88822528AB62FC006D5967 /* Cells */ = {
			isa = PBXGroup;
			children = (
				5F88822628AB633C006D5967 /* ChallengeCell.swift */,
				5F88822728AB633C006D5967 /* ChallengeCell.xib */,
				5F88824E28ABDBAE006D5967 /* ToDoCell.swift */,
				5F88824F28ABDBAE006D5967 /* ToDoCell.xib */,
				5F062D6728CC8C4D000D4BAA /* HistoryCell.swift */,
				5F062D6828CC8C4D000D4BAA /* HistoryCell.xib */,
				5FBC2539293F922400C7A7A6 /* CreateToDoCell.swift */,
				5FBC253A293F922400C7A7A6 /* CreateToDoCell.xib */,
			);
			path = Cells;
			sourceTree = "<group>";
		};
		5F88822E28AB8FBD006D5967 /* ViewModel */ = {
			isa = PBXGroup;
			children = (
				5F1059F92B91E5CF00FBFD02 /* ChallengeViewModel.swift */,
				5F1059FB2B9206ED00FBFD02 /* ChallengeFullInfoViewModel.swift */,
				5F1059F72B91C50800FBFD02 /* UserHistoryViewModel.swift */,
			);
			path = ViewModel;
			sourceTree = "<group>";
		};
		5F8B61CF2B931B6C0002DDC4 /* Services */ = {
			isa = PBXGroup;
			children = (
				5F88822A28AB65FD006D5967 /* ChallengesDataSource.swift */,
			);
			path = Services;
			sourceTree = "<group>";
		};
		5FFEACDE28BF853A002C9F89 /* Notifications */ = {
			isa = PBXGroup;
			children = (
				5FBC253D2940B71C00C7A7A6 /* NotificationHelper.swift */,
			);
			path = Notifications;
			sourceTree = "<group>";
		};
		CE05909824C73309136DCB19 /* Pods */ = {
			isa = PBXGroup;
			children = (
				B0249011BC31BF8749D2300D /* Pods-LifeHUD.debug.xcconfig */,
				5EF8BB66A2CD42BCFA84B89B /* Pods-LifeHUD.release.xcconfig */,
			);
			path = Pods;
			sourceTree = "<group>";
		};
/* End PBXGroup section */

/* Begin PBXNativeTarget section */
		5F88820628AB5BAC006D5967 /* LifeHUD */ = {
			isa = PBXNativeTarget;
			buildConfigurationList = 5F88821B28AB5BB1006D5967 /* Build configuration list for PBXNativeTarget "LifeHUD" */;
			buildPhases = (
				70013DCF9B70B196D572D519 /* [CP] Check Pods Manifest.lock */,
				5F88820328AB5BAC006D5967 /* Sources */,
				5F88820428AB5BAC006D5967 /* Frameworks */,
				5F88820528AB5BAC006D5967 /* Resources */,
				B3357ACFD5DDA98B2799E634 /* [CP] Embed Pods Frameworks */,
			);
			buildRules = (
			);
			dependencies = (
			);
			name = LifeHUD;
			productName = LifeHUD;
			productReference = 5F88820728AB5BAC006D5967 /* LifeHUD.app */;
			productType = "com.apple.product-type.application";
		};
/* End PBXNativeTarget section */

/* Begin PBXProject section */
		5F8881FF28AB5BAC006D5967 /* Project object */ = {
			isa = PBXProject;
			attributes = {
				BuildIndependentTargetsInParallel = 1;
				LastSwiftUpdateCheck = 1320;
				LastUpgradeCheck = 1320;
				TargetAttributes = {
					5F88820628AB5BAC006D5967 = {
						CreatedOnToolsVersion = 13.2.1;
					};
				};
			};
			buildConfigurationList = 5F88820228AB5BAC006D5967 /* Build configuration list for PBXProject "LifeHUD" */;
			compatibilityVersion = "Xcode 13.0";
			developmentRegion = en;
			hasScannedForEncodings = 0;
			knownRegions = (
				en,
				Base,
			);
			mainGroup = 5F8881FE28AB5BAC006D5967;
			productRefGroup = 5F88820828AB5BAC006D5967 /* Products */;
			projectDirPath = "";
			projectRoot = "";
			targets = (
				5F88820628AB5BAC006D5967 /* LifeHUD */,
			);
		};
/* End PBXProject section */

/* Begin PBXResourcesBuildPhase section */
		5F88820528AB5BAC006D5967 /* Resources */ = {
			isa = PBXResourcesBuildPhase;
			buildActionMask = 2147483647;
			files = (
				5F88821728AB5BB1006D5967 /* LaunchScreen.storyboard in Resources */,
				5F88823228AB8FE9006D5967 /* ChallengeFullInfoViewController.xib in Resources */,
				5F062D6A28CC8C4D000D4BAA /* HistoryCell.xib in Resources */,
				5FBC253C293F922400C7A7A6 /* CreateToDoCell.xib in Resources */,
				5F88822928AB633C006D5967 /* ChallengeCell.xib in Resources */,
				5F88821428AB5BB1006D5967 /* Assets.xcassets in Resources */,
				5F88825128ABDBAE006D5967 /* ToDoCell.xib in Resources */,
				5F88821228AB5BAC006D5967 /* Main.storyboard in Resources */,
				5F88823428ABCA28006D5967 /* GoogleService-Info.plist in Resources */,
			);
			runOnlyForDeploymentPostprocessing = 0;
		};
/* End PBXResourcesBuildPhase section */

/* Begin PBXShellScriptBuildPhase section */
		70013DCF9B70B196D572D519 /* [CP] Check Pods Manifest.lock */ = {
			isa = PBXShellScriptBuildPhase;
			buildActionMask = 2147483647;
			files = (
			);
			inputFileListPaths = (
			);
			inputPaths = (
				"${PODS_PODFILE_DIR_PATH}/Podfile.lock",
				"${PODS_ROOT}/Manifest.lock",
			);
			name = "[CP] Check Pods Manifest.lock";
			outputFileListPaths = (
			);
			outputPaths = (
				"$(DERIVED_FILE_DIR)/Pods-LifeHUD-checkManifestLockResult.txt",
			);
			runOnlyForDeploymentPostprocessing = 0;
			shellPath = /bin/sh;
			shellScript = "diff \"${PODS_PODFILE_DIR_PATH}/Podfile.lock\" \"${PODS_ROOT}/Manifest.lock\" > /dev/null\nif [ $? != 0 ] ; then\n    # print error to STDERR\n    echo \"error: The sandbox is not in sync with the Podfile.lock. Run 'pod install' or update your CocoaPods installation.\" >&2\n    exit 1\nfi\n# This output is used by Xcode 'outputs' to avoid re-running this script phase.\necho \"SUCCESS\" > \"${SCRIPT_OUTPUT_FILE_0}\"\n";
			showEnvVarsInLog = 0;
		};
		B3357ACFD5DDA98B2799E634 /* [CP] Embed Pods Frameworks */ = {
			isa = PBXShellScriptBuildPhase;
			buildActionMask = 2147483647;
			files = (
			);
			inputFileListPaths = (
				"${PODS_ROOT}/Target Support Files/Pods-LifeHUD/Pods-LifeHUD-frameworks-${CONFIGURATION}-input-files.xcfilelist",
			);
			name = "[CP] Embed Pods Frameworks";
			outputFileListPaths = (
				"${PODS_ROOT}/Target Support Files/Pods-LifeHUD/Pods-LifeHUD-frameworks-${CONFIGURATION}-output-files.xcfilelist",
			);
			runOnlyForDeploymentPostprocessing = 0;
			shellPath = /bin/sh;
			shellScript = "\"${PODS_ROOT}/Target Support Files/Pods-LifeHUD/Pods-LifeHUD-frameworks.sh\"\n";
			showEnvVarsInLog = 0;
		};
/* End PBXShellScriptBuildPhase section */

/* Begin PBXSourcesBuildPhase section */
		5F88820328AB5BAC006D5967 /* Sources */ = {
			isa = PBXSourcesBuildPhase;
			buildActionMask = 2147483647;
			files = (
				5FFEACE028BF8556002C9F89 /* DateExtension.swift in Sources */,
				5F88822D28AB6803006D5967 /* Challenge.swift in Sources */,
				5F1059FC2B9206ED00FBFD02 /* ChallengeFullInfoViewModel.swift in Sources */,
				5F88823128AB8FE9006D5967 /* ChallengeFullInfoViewController.swift in Sources */,
				5F88822828AB633C006D5967 /* ChallengeCell.swift in Sources */,
				5F88820F28AB5BAC006D5967 /* ChallengeListViewController.swift in Sources */,
				5F062D6928CC8C4D000D4BAA /* HistoryCell.swift in Sources */,
				5F1059FA2B91E5CF00FBFD02 /* ChallengeViewModel.swift in Sources */,
				5F88822B28AB65FD006D5967 /* ChallengesDataSource.swift in Sources */,
				5F88825728AE3DA8006D5967 /* UserStatsViewController.swift in Sources */,
				5FBC253B293F922400C7A7A6 /* CreateToDoCell.swift in Sources */,
				5F88820B28AB5BAC006D5967 /* AppDelegate.swift in Sources */,
				5F88825528ACC9B5006D5967 /* ChallengeCreationViewController.swift in Sources */,
				5F88825028ABDBAE006D5967 /* ToDoCell.swift in Sources */,
				5F1059F82B91C50800FBFD02 /* UserHistoryViewModel.swift in Sources */,
				5F88820D28AB5BAC006D5967 /* SceneDelegate.swift in Sources */,
				5F062D6628CB47B3000D4BAA /* UserHistory.swift in Sources */,
				5FBC253E2940B71C00C7A7A6 /* NotificationHelper.swift in Sources */,
				5F88821F28AB5E34006D5967 /* DemoDatabase.swift in Sources */,
				5F98CD6428BF5C4400C8AFA2 /* ApiClient.swift in Sources */,
			);
			runOnlyForDeploymentPostprocessing = 0;
		};
/* End PBXSourcesBuildPhase section */

/* Begin PBXVariantGroup section */
		5F88821028AB5BAC006D5967 /* Main.storyboard */ = {
			isa = PBXVariantGroup;
			children = (
				5F88821128AB5BAC006D5967 /* Base */,
			);
			name = Main.storyboard;
			sourceTree = "<group>";
		};
		5F88821528AB5BB1006D5967 /* LaunchScreen.storyboard */ = {
			isa = PBXVariantGroup;
			children = (
				5F88821628AB5BB1006D5967 /* Base */,
			);
			name = LaunchScreen.storyboard;
			sourceTree = "<group>";
		};
/* End PBXVariantGroup section */

/* Begin XCBuildConfiguration section */
		5F88821928AB5BB1006D5967 /* Debug */ = {
			isa = XCBuildConfiguration;
			buildSettings = {
				ALWAYS_SEARCH_USER_PATHS = NO;
				CLANG_ANALYZER_NONNULL = YES;
				CLANG_ANALYZER_NUMBER_OBJECT_CONVERSION = YES_AGGRESSIVE;
				CLANG_CXX_LANGUAGE_STANDARD = "gnu++17";
				CLANG_CXX_LIBRARY = "libc++";
				CLANG_ENABLE_MODULES = YES;
				CLANG_ENABLE_OBJC_ARC = YES;
				CLANG_ENABLE_OBJC_WEAK = YES;
				CLANG_WARN_BLOCK_CAPTURE_AUTORELEASING = YES;
				CLANG_WARN_BOOL_CONVERSION = YES;
				CLANG_WARN_COMMA = YES;
				CLANG_WARN_CONSTANT_CONVERSION = YES;
				CLANG_WARN_DEPRECATED_OBJC_IMPLEMENTATIONS = YES;
				CLANG_WARN_DIRECT_OBJC_ISA_USAGE = YES_ERROR;
				CLANG_WARN_DOCUMENTATION_COMMENTS = YES;
				CLANG_WARN_EMPTY_BODY = YES;
				CLANG_WARN_ENUM_CONVERSION = YES;
				CLANG_WARN_INFINITE_RECURSION = YES;
				CLANG_WARN_INT_CONVERSION = YES;
				CLANG_WARN_NON_LITERAL_NULL_CONVERSION = YES;
				CLANG_WARN_OBJC_IMPLICIT_RETAIN_SELF = YES;
				CLANG_WARN_OBJC_LITERAL_CONVERSION = YES;
				CLANG_WARN_OBJC_ROOT_CLASS = YES_ERROR;
				CLANG_WARN_QUOTED_INCLUDE_IN_FRAMEWORK_HEADER = YES;
				CLANG_WARN_RANGE_LOOP_ANALYSIS = YES;
				CLANG_WARN_STRICT_PROTOTYPES = YES;
				CLANG_WARN_SUSPICIOUS_MOVE = YES;
				CLANG_WARN_UNGUARDED_AVAILABILITY = YES_AGGRESSIVE;
				CLANG_WARN_UNREACHABLE_CODE = YES;
				CLANG_WARN__DUPLICATE_METHOD_MATCH = YES;
				COPY_PHASE_STRIP = NO;
				DEBUG_INFORMATION_FORMAT = dwarf;
				ENABLE_STRICT_OBJC_MSGSEND = YES;
				ENABLE_TESTABILITY = YES;
				GCC_C_LANGUAGE_STANDARD = gnu11;
				GCC_DYNAMIC_NO_PIC = NO;
				GCC_NO_COMMON_BLOCKS = YES;
				GCC_OPTIMIZATION_LEVEL = 0;
				GCC_PREPROCESSOR_DEFINITIONS = (
					"DEBUG=1",
					"$(inherited)",
				);
				GCC_WARN_64_TO_32_BIT_CONVERSION = YES;
				GCC_WARN_ABOUT_RETURN_TYPE = YES_ERROR;
				GCC_WARN_UNDECLARED_SELECTOR = YES;
				GCC_WARN_UNINITIALIZED_AUTOS = YES_AGGRESSIVE;
				GCC_WARN_UNUSED_FUNCTION = YES;
				GCC_WARN_UNUSED_VARIABLE = YES;
				IPHONEOS_DEPLOYMENT_TARGET = 15.2;
				MTL_ENABLE_DEBUG_INFO = INCLUDE_SOURCE;
				MTL_FAST_MATH = YES;
				ONLY_ACTIVE_ARCH = YES;
				SDKROOT = iphoneos;
				SWIFT_ACTIVE_COMPILATION_CONDITIONS = DEBUG;
				SWIFT_OPTIMIZATION_LEVEL = "-Onone";
			};
			name = Debug;
		};
		5F88821A28AB5BB1006D5967 /* Release */ = {
			isa = XCBuildConfiguration;
			buildSettings = {
				ALWAYS_SEARCH_USER_PATHS = NO;
				CLANG_ANALYZER_NONNULL = YES;
				CLANG_ANALYZER_NUMBER_OBJECT_CONVERSION = YES_AGGRESSIVE;
				CLANG_CXX_LANGUAGE_STANDARD = "gnu++17";
				CLANG_CXX_LIBRARY = "libc++";
				CLANG_ENABLE_MODULES = YES;
				CLANG_ENABLE_OBJC_ARC = YES;
				CLANG_ENABLE_OBJC_WEAK = YES;
				CLANG_WARN_BLOCK_CAPTURE_AUTORELEASING = YES;
				CLANG_WARN_BOOL_CONVERSION = YES;
				CLANG_WARN_COMMA = YES;
				CLANG_WARN_CONSTANT_CONVERSION = YES;
				CLANG_WARN_DEPRECATED_OBJC_IMPLEMENTATIONS = YES;
				CLANG_WARN_DIRECT_OBJC_ISA_USAGE = YES_ERROR;
				CLANG_WARN_DOCUMENTATION_COMMENTS = YES;
				CLANG_WARN_EMPTY_BODY = YES;
				CLANG_WARN_ENUM_CONVERSION = YES;
				CLANG_WARN_INFINITE_RECURSION = YES;
				CLANG_WARN_INT_CONVERSION = YES;
				CLANG_WARN_NON_LITERAL_NULL_CONVERSION = YES;
				CLANG_WARN_OBJC_IMPLICIT_RETAIN_SELF = YES;
				CLANG_WARN_OBJC_LITERAL_CONVERSION = YES;
				CLANG_WARN_OBJC_ROOT_CLASS = YES_ERROR;
				CLANG_WARN_QUOTED_INCLUDE_IN_FRAMEWORK_HEADER = YES;
				CLANG_WARN_RANGE_LOOP_ANALYSIS = YES;
				CLANG_WARN_STRICT_PROTOTYPES = YES;
				CLANG_WARN_SUSPICIOUS_MOVE = YES;
				CLANG_WARN_UNGUARDED_AVAILABILITY = YES_AGGRESSIVE;
				CLANG_WARN_UNREACHABLE_CODE = YES;
				CLANG_WARN__DUPLICATE_METHOD_MATCH = YES;
				COPY_PHASE_STRIP = NO;
				DEBUG_INFORMATION_FORMAT = "dwarf-with-dsym";
				ENABLE_NS_ASSERTIONS = NO;
				ENABLE_STRICT_OBJC_MSGSEND = YES;
				GCC_C_LANGUAGE_STANDARD = gnu11;
				GCC_NO_COMMON_BLOCKS = YES;
				GCC_WARN_64_TO_32_BIT_CONVERSION = YES;
				GCC_WARN_ABOUT_RETURN_TYPE = YES_ERROR;
				GCC_WARN_UNDECLARED_SELECTOR = YES;
				GCC_WARN_UNINITIALIZED_AUTOS = YES_AGGRESSIVE;
				GCC_WARN_UNUSED_FUNCTION = YES;
				GCC_WARN_UNUSED_VARIABLE = YES;
				IPHONEOS_DEPLOYMENT_TARGET = 15.2;
				MTL_ENABLE_DEBUG_INFO = NO;
				MTL_FAST_MATH = YES;
				SDKROOT = iphoneos;
				SWIFT_COMPILATION_MODE = wholemodule;
				SWIFT_OPTIMIZATION_LEVEL = "-O";
				VALIDATE_PRODUCT = YES;
			};
			name = Release;
		};
		5F88821C28AB5BB1006D5967 /* Debug */ = {
			isa = XCBuildConfiguration;
			baseConfigurationReference = B0249011BC31BF8749D2300D /* Pods-LifeHUD.debug.xcconfig */;
			buildSettings = {
				ASSETCATALOG_COMPILER_APPICON_NAME = AppIcon;
				ASSETCATALOG_COMPILER_GLOBAL_ACCENT_COLOR_NAME = AccentColor;
				CODE_SIGN_IDENTITY = "Apple Development";
				CODE_SIGN_STYLE = Automatic;
				CURRENT_PROJECT_VERSION = 1;
				DEVELOPMENT_TEAM = PGXR3ZUCW4;
				GENERATE_INFOPLIST_FILE = YES;
				INFOPLIST_FILE = LifeHUD/Info.plist;
				INFOPLIST_KEY_UIApplicationSupportsIndirectInputEvents = YES;
				INFOPLIST_KEY_UILaunchStoryboardName = LaunchScreen;
				INFOPLIST_KEY_UIMainStoryboardFile = Main;
				INFOPLIST_KEY_UISupportedInterfaceOrientations_iPad = "UIInterfaceOrientationPortrait UIInterfaceOrientationPortraitUpsideDown UIInterfaceOrientationLandscapeLeft UIInterfaceOrientationLandscapeRight";
				INFOPLIST_KEY_UISupportedInterfaceOrientations_iPhone = "UIInterfaceOrientationPortrait UIInterfaceOrientationLandscapeLeft UIInterfaceOrientationLandscapeRight";
				IPHONEOS_DEPLOYMENT_TARGET = 13.0;
				LD_RUNPATH_SEARCH_PATHS = (
					"$(inherited)",
					"@executable_path/Frameworks",
				);
				MARKETING_VERSION = 1.0;
				PRODUCT_BUNDLE_IDENTIFIER = com.Khomyakov.LifeHUD;
				PRODUCT_NAME = "$(TARGET_NAME)";
				PROVISIONING_PROFILE_SPECIFIER = "";
				SWIFT_EMIT_LOC_STRINGS = YES;
				SWIFT_VERSION = 5.0;
				TARGETED_DEVICE_FAMILY = "1,2";
			};
			name = Debug;
		};
		5F88821D28AB5BB1006D5967 /* Release */ = {
			isa = XCBuildConfiguration;
			baseConfigurationReference = 5EF8BB66A2CD42BCFA84B89B /* Pods-LifeHUD.release.xcconfig */;
			buildSettings = {
				ASSETCATALOG_COMPILER_APPICON_NAME = AppIcon;
				ASSETCATALOG_COMPILER_GLOBAL_ACCENT_COLOR_NAME = AccentColor;
				CODE_SIGN_IDENTITY = "Apple Development";
				CODE_SIGN_STYLE = Automatic;
				CURRENT_PROJECT_VERSION = 1;
				DEVELOPMENT_TEAM = PGXR3ZUCW4;
				GENERATE_INFOPLIST_FILE = YES;
				INFOPLIST_FILE = LifeHUD/Info.plist;
				INFOPLIST_KEY_UIApplicationSupportsIndirectInputEvents = YES;
				INFOPLIST_KEY_UILaunchStoryboardName = LaunchScreen;
				INFOPLIST_KEY_UIMainStoryboardFile = Main;
				INFOPLIST_KEY_UISupportedInterfaceOrientations_iPad = "UIInterfaceOrientationPortrait UIInterfaceOrientationPortraitUpsideDown UIInterfaceOrientationLandscapeLeft UIInterfaceOrientationLandscapeRight";
				INFOPLIST_KEY_UISupportedInterfaceOrientations_iPhone = "UIInterfaceOrientationPortrait UIInterfaceOrientationLandscapeLeft UIInterfaceOrientationLandscapeRight";
				IPHONEOS_DEPLOYMENT_TARGET = 13.0;
				LD_RUNPATH_SEARCH_PATHS = (
					"$(inherited)",
					"@executable_path/Frameworks",
				);
				MARKETING_VERSION = 1.0;
				PRODUCT_BUNDLE_IDENTIFIER = com.Khomyakov.LifeHUD;
				PRODUCT_NAME = "$(TARGET_NAME)";
				PROVISIONING_PROFILE_SPECIFIER = "";
				SWIFT_EMIT_LOC_STRINGS = YES;
				SWIFT_VERSION = 5.0;
				TARGETED_DEVICE_FAMILY = "1,2";
			};
			name = Release;
		};
/* End XCBuildConfiguration section */

/* Begin XCConfigurationList section */
		5F88820228AB5BAC006D5967 /* Build configuration list for PBXProject "LifeHUD" */ = {
			isa = XCConfigurationList;
			buildConfigurations = (
				5F88821928AB5BB1006D5967 /* Debug */,
				5F88821A28AB5BB1006D5967 /* Release */,
			);
			defaultConfigurationIsVisible = 0;
			defaultConfigurationName = Release;
		};
		5F88821B28AB5BB1006D5967 /* Build configuration list for PBXNativeTarget "LifeHUD" */ = {
			isa = XCConfigurationList;
			buildConfigurations = (
				5F88821C28AB5BB1006D5967 /* Debug */,
				5F88821D28AB5BB1006D5967 /* Release */,
			);
			defaultConfigurationIsVisible = 0;
			defaultConfigurationName = Release;
		};
/* End XCConfigurationList section */
	};
	rootObject = 5F8881FF28AB5BAC006D5967 /* Project object */;
}
